{
  "name": "serverless-aws-tracing",
  "version": "1.0.0",
  "lockfileVersion": 1,
  "requires": true,
  "dependencies": {
    "class.extend": {
      "version": "0.9.2",
      "resolved": "https://registry.npmjs.org/class.extend/-/class.extend-0.9.2.tgz",
      "integrity": "sha1-4cvaNpfLMdPNqxwAHSaQdckDH3g="
    },
    "lodash": {
      "version": "4.17.10",
      "resolved": "https://registry.npmjs.org/lodash/-/lodash-4.17.10.tgz",
      "integrity": "sha512-UejweD1pDoXu+AD825lWwp4ZGtSwgnpZxb3JDViD7StjQz+Nb/6l093lx4OQ0foGWNRoc19mWy7BzL+UAK2iVg=="
    },
    "serverless-plugin-stage-variables": {
      "version": "1.8.2",
      "resolved": "https://registry.npmjs.org/serverless-plugin-stage-variables/-/serverless-plugin-stage-variables-1.8.2.tgz",
      "integrity": "sha512-I9bWy7zIaCo28VAOEmUTJS+/WBRax5gPNJsH6kP2+JA4eVKWC/m8ZKdITuUnaDYKsMXIBE/4TwltzauSkMkZlg==",
      "requires": {
        "class.extend": "0.9.2",
        "lodash": "4.17.10"
      }
    },
    "serverless-plugin-tracing": {
      "version": "2.0.0",
      "resolved": "https://registry.npmjs.org/serverless-plugin-tracing/-/serverless-plugin-tracing-2.0.0.tgz",
      "integrity": "sha1-32uLMWasm7cKN8f8h1AUsjaRWPY=",
      "dev": true
    }
  }
}
